// !$*UTF8*$!
{
	archiveVersion = 1;
	classes = {
	};
	objectVersion = 56;
	objects = {

/* Begin PBXBuildFile section */
		CCA067CB2AA633A400C973D4 /* NtionalGeographyApp.swift in Sources */ = {isa = PBXBuildFile; fileRef = CCA067CA2AA633A400C973D4 /* NtionalGeographyApp.swift */; };
		CCA067CD2AA633A400C973D4 /* ContentView.swift in Sources */ = {isa = PBXBuildFile; fileRef = CCA067CC2AA633A400C973D4 /* ContentView.swift */; };
		CCA067CF2AA633A400C973D4 /* Assets.xcassets in Resources */ = {isa = PBXBuildFile; fileRef = CCA067CE2AA633A400C973D4 /* Assets.xcassets */; };
		CCA067D22AA633A400C973D4 /* Preview Assets.xcassets in Resources */ = {isa = PBXBuildFile; fileRef = CCA067D12AA633A400C973D4 /* Preview Assets.xcassets */; };
		CCA067DC2AA633A400C973D4 /* NtionalGeographyTests.swift in Sources */ = {isa = PBXBuildFile; fileRef = CCA067DB2AA633A400C973D4 /* NtionalGeographyTests.swift */; };
		CCA067E62AA633A400C973D4 /* NtionalGeographyUITests.swift in Sources */ = {isa = PBXBuildFile; fileRef = CCA067E52AA633A400C973D4 /* NtionalGeographyUITests.swift */; };
		CCA067E82AA633A400C973D4 /* NtionalGeographyUITestsLaunchTests.swift in Sources */ = {isa = PBXBuildFile; fileRef = CCA067E72AA633A400C973D4 /* NtionalGeographyUITestsLaunchTests.swift */; };
/* End PBXBuildFile section */

/* Begin PBXContainerItemProxy section */
		CCA067D82AA633A400C973D4 /* PBXContainerItemProxy */ = {
			isa = PBXContainerItemProxy;
			containerPortal = CCA067BF2AA633A400C973D4 /* Project object */;
			proxyType = 1;
			remoteGlobalIDString = CCA067C62AA633A400C973D4;
			remoteInfo = NtionalGeography;
		};
		CCA067E22AA633A400C973D4 /* PBXContainerItemProxy */ = {
			isa = PBXContainerItemProxy;
			containerPortal = CCA067BF2AA633A400C973D4 /* Project object */;
			proxyType = 1;
			remoteGlobalIDString = CCA067C62AA633A400C973D4;
			remoteInfo = NtionalGeography;
		};
/* End PBXContainerItemProxy section */

/* Begin PBXFileReference section */
		CCA067C72AA633A400C973D4 /* NtionalGeography.app */ = {isa = PBXFileReference; explicitFileType = wrapper.application; includeInIndex = 0; path = NtionalGeography.app; sourceTree = BUILT_PRODUCTS_DIR; };
		CCA067CA2AA633A400C973D4 /* NtionalGeographyApp.swift */ = {isa = PBXFileReference; lastKnownFileType = sourcecode.swift; path = NtionalGeographyApp.swift; sourceTree = "<group>"; };
		CCA067CC2AA633A400C973D4 /* ContentView.swift */ = {isa = PBXFileReference; lastKnownFileType = sourcecode.swift; path = ContentView.swift; sourceTree = "<group>"; };
		CCA067CE2AA633A400C973D4 /* Assets.xcassets */ = {isa = PBXFileReference; lastKnownFileType = folder.assetcatalog; path = Assets.xcassets; sourceTree = "<group>"; };
		CCA067D12AA633A400C973D4 /* Preview Assets.xcassets */ = {isa = PBXFileReference; lastKnownFileType = folder.assetcatalog; path = "Preview Assets.xcassets"; sourceTree = "<group>"; };
		CCA067D72AA633A400C973D4 /* NtionalGeographyTests.xctest */ = {isa = PBXFileReference; explicitFileType = wrapper.cfbundle; includeInIndex = 0; path = NtionalGeographyTests.xctest; sourceTree = BUILT_PRODUCTS_DIR; };
		CCA067DB2AA633A400C973D4 /* NtionalGeographyTests.swift */ = {isa = PBXFileReference; lastKnownFileType = sourcecode.swift; path = NtionalGeographyTests.swift; sourceTree = "<group>"; };
		CCA067E12AA633A400C973D4 /* NtionalGeographyUITests.xctest */ = {isa = PBXFileReference; explicitFileType = wrapper.cfbundle; includeInIndex = 0; path = NtionalGeographyUITests.xctest; sourceTree = BUILT_PRODUCTS_DIR; };
		CCA067E52AA633A400C973D4 /* NtionalGeographyUITests.swift */ = {isa = PBXFileReference; lastKnownFileType = sourcecode.swift; path = NtionalGeographyUITests.swift; sourceTree = "<group>"; };
		CCA067E72AA633A400C973D4 /* NtionalGeographyUITestsLaunchTests.swift */ = {isa = PBXFileReference; lastKnownFileType = sourcecode.swift; path = NtionalGeographyUITestsLaunchTests.swift; sourceTree = "<group>"; };
/* End PBXFileReference section */

/* Begin PBXFrameworksBuildPhase section */
		CCA067C42AA633A400C973D4 /* Frameworks */ = {
			isa = PBXFrameworksBuildPhase;
			buildActionMask = 2147483647;
			files = (
			);
			runOnlyForDeploymentPostprocessing = 0;
		};
		CCA067D42AA633A400C973D4 /* Frameworks */ = {
			isa = PBXFrameworksBuildPhase;
			buildActionMask = 2147483647;
			files = (
			);
			runOnlyForDeploymentPostprocessing = 0;
		};
		CCA067DE2AA633A400C973D4 /* Frameworks */ = {
			isa = PBXFrameworksBuildPhase;
			buildActionMask = 2147483647;
			files = (
			);
			runOnlyForDeploymentPostprocessing = 0;
		};
/* End PBXFrameworksBuildPhase section */

/* Begin PBXGroup section */
		CCA067BE2AA633A400C973D4 = {
			isa = PBXGroup;
			children = (
				CCA067C92AA633A400C973D4 /* NtionalGeography */,
				CCA067DA2AA633A400C973D4 /* NtionalGeographyTests */,
				CCA067E42AA633A400C973D4 /* NtionalGeographyUITests */,
				CCA067C82AA633A400C973D4 /* Products */,
			);
			sourceTree = "<group>";
		};
		CCA067C82AA633A400C973D4 /* Products */ = {
			isa = PBXGroup;
			children = (
				CCA067C72AA633A400C973D4 /* NtionalGeography.app */,
				CCA067D72AA633A400C973D4 /* NtionalGeographyTests.xctest */,
				CCA067E12AA633A400C973D4 /* NtionalGeographyUITests.xctest */,
			);
			name = Products;
			sourceTree = "<group>";
		};
		CCA067C92AA633A400C973D4 /* NtionalGeography */ = {
			isa = PBXGroup;
			children = (
				CCA067CA2AA633A400C973D4 /* NtionalGeographyApp.swift */,
				CCA067CC2AA633A400C973D4 /* ContentView.swift */,
				CCA067CE2AA633A400C973D4 /* Assets.xcassets */,
				CCA067D02AA633A400C973D4 /* Preview Content */,
			);
			path = NtionalGeography;
			sourceTree = "<group>";
		};
		CCA067D02AA633A400C973D4 /* Preview Content */ = {
			isa = PBXGroup;
			children = (
				CCA067D12AA633A400C973D4 /* Preview Assets.xcassets */,
			);
			path = "Preview Content";
			sourceTree = "<group>";
		};
		CCA067DA2AA633A400C973D4 /* NtionalGeographyTests */ = {
			isa = PBXGroup;
			children = (
				CCA067DB2AA633A400C973D4 /* NtionalGeographyTests.swift */,
			);
			path = NtionalGeographyTests;
			sourceTree = "<group>";
		};
		CCA067E42AA633A400C973D4 /* NtionalGeographyUITests */ = {
			isa = PBXGroup;
			children = (
				CCA067E52AA633A400C973D4 /* NtionalGeographyUITests.swift */,
				CCA067E72AA633A400C973D4 /* NtionalGeographyUITestsLaunchTests.swift */,
			);
			path = NtionalGeographyUITests;
			sourceTree = "<group>";
		};
/* End PBXGroup section */

/* Begin PBXNativeTarget section */
		CCA067C62AA633A400C973D4 /* NtionalGeography */ = {
			isa = PBXNativeTarget;
			buildConfigurationList = CCA067EB2AA633A400C973D4 /* Build configuration list for PBXNativeTarget "NtionalGeography" */;
			buildPhases = (
				CCA067C32AA633A400C973D4 /* Sources */,
				CCA067C42AA633A400C973D4 /* Frameworks */,
				CCA067C52AA633A400C973D4 /* Resources */,
			);
			buildRules = (
			);
			dependencies = (
			);
			name = NtionalGeography;
			productName = NtionalGeography;
			productReference = CCA067C72AA633A400C973D4 /* NtionalGeography.app */;
			productType = "com.apple.product-type.application";
		};
		CCA067D62AA633A400C973D4 /* NtionalGeographyTests */ = {
			isa = PBXNativeTarget;
			buildConfigurationList = CCA067EE2AA633A400C973D4 /* Build configuration list for PBXNativeTarget "NtionalGeographyTests" */;
			buildPhases = (
				CCA067D32AA633A400C973D4 /* Sources */,
				CCA067D42AA633A400C973D4 /* Frameworks */,
				CCA067D52AA633A400C973D4 /* Resources */,
			);
			buildRules = (
			);
			dependencies = (
				CCA067D92AA633A400C973D4 /* PBXTargetDependency */,
			);
			name = NtionalGeographyTests;
			productName = NtionalGeographyTests;
			productReference = CCA067D72AA633A400C973D4 /* NtionalGeographyTests.xctest */;
			productType = "com.apple.product-type.bundle.unit-test";
		};
		CCA067E02AA633A400C973D4 /* NtionalGeographyUITests */ = {
			isa = PBXNativeTarget;
			buildConfigurationList = CCA067F12AA633A400C973D4 /* Build configuration list for PBXNativeTarget "NtionalGeographyUITests" */;
			buildPhases = (
				CCA067DD2AA633A400C973D4 /* Sources */,
				CCA067DE2AA633A400C973D4 /* Frameworks */,
				CCA067DF2AA633A400C973D4 /* Resources */,
			);
			buildRules = (
			);
			dependencies = (
				CCA067E32AA633A400C973D4 /* PBXTargetDependency */,
			);
			name = NtionalGeographyUITests;
			productName = NtionalGeographyUITests;
			productReference = CCA067E12AA633A400C973D4 /* NtionalGeographyUITests.xctest */;
			productType = "com.apple.product-type.bundle.ui-testing";
		};
/* End PBXNativeTarget section */

/* Begin PBXProject section */
		CCA067BF2AA633A400C973D4 /* Project object */ = {
			isa = PBXProject;
			attributes = {
				BuildIndependentTargetsInParallel = 1;
				LastSwiftUpdateCheck = 1430;
				LastUpgradeCheck = 1430;
				TargetAttributes = {
					CCA067C62AA633A400C973D4 = {
						CreatedOnToolsVersion = 14.3.1;
					};
					CCA067D62AA633A400C973D4 = {
						CreatedOnToolsVersion = 14.3.1;
						TestTargetID = CCA067C62AA633A400C973D4;
					};
					CCA067E02AA633A400C973D4 = {
						CreatedOnToolsVersion = 14.3.1;
						TestTargetID = CCA067C62AA633A400C973D4;
					};
				};
			};
			buildConfigurationList = CCA067C22AA633A400C973D4 /* Build configuration list for PBXProject "NtionalGeography" */;
			compatibilityVersion = "Xcode 14.0";
			developmentRegion = en;
			hasScannedForEncodings = 0;
			knownRegions = (
				en,
				Base,
			);
			mainGroup = CCA067BE2AA633A400C973D4;
			productRefGroup = CCA067C82AA633A400C973D4 /* Products */;
			projectDirPath = "";
			projectRoot = "";
			targets = (
				CCA067C62AA633A400C973D4 /* NtionalGeography */,
				CCA067D62AA633A400C973D4 /* NtionalGeographyTests */,
				CCA067E02AA633A400C973D4 /* NtionalGeographyUITests */,
			);
		};
/* End PBXProject section */

/* Begin PBXResourcesBuildPhase section */
		CCA067C52AA633A400C973D4 /* Resources */ = {
			isa = PBXResourcesBuildPhase;
			buildActionMask = 2147483647;
			files = (
				CCA067D22AA633A400C973D4 /* Preview Assets.xcassets in Resources */,
				CCA067CF2AA633A400C973D4 /* Assets.xcassets in Resources */,
			);
			runOnlyForDeploymentPostprocessing = 0;
		};
		CCA067D52AA633A400C973D4 /* Resources */ = {
			isa = PBXResourcesBuildPhase;
			buildActionMask = 2147483647;
			files = (
			);
			runOnlyForDeploymentPostprocessing = 0;
		};
		CCA067DF2AA633A400C973D4 /* Resources */ = {
			isa = PBXResourcesBuildPhase;
			buildActionMask = 2147483647;
			files = (
			);
			runOnlyForDeploymentPostprocessing = 0;
		};
/* End PBXResourcesBuildPhase section */

/* Begin PBXSourcesBuildPhase section */
		CCA067C32AA633A400C973D4 /* Sources */ = {
			isa = PBXSourcesBuildPhase;
			buildActionMask = 2147483647;
			files = (
				CCA067CD2AA633A400C973D4 /* ContentView.swift in Sources */,
				CCA067CB2AA633A400C973D4 /* NtionalGeographyApp.swift in Sources */,
			);
			runOnlyForDeploymentPostprocessing = 0;
		};
		CCA067D32AA633A400C973D4 /* Sources */ = {
			isa = PBXSourcesBuildPhase;
			buildActionMask = 2147483647;
			files = (
				CCA067DC2AA633A400C973D4 /* NtionalGeographyTests.swift in Sources */,
			);
			runOnlyForDeploymentPostprocessing = 0;
		};
		CCA067DD2AA633A400C973D4 /* Sources */ = {
			isa = PBXSourcesBuildPhase;
			buildActionMask = 2147483647;
			files = (
				CCA067E62AA633A400C973D4 /* NtionalGeographyUITests.swift in Sources */,
				CCA067E82AA633A400C973D4 /* NtionalGeographyUITestsLaunchTests.swift in Sources */,
			);
			runOnlyForDeploymentPostprocessing = 0;
		};
/* End PBXSourcesBuildPhase section */

/* Begin PBXTargetDependency section */
		CCA067D92AA633A400C973D4 /* PBXTargetDependency */ = {
			isa = PBXTargetDependency;
			target = CCA067C62AA633A400C973D4 /* NtionalGeography */;
			targetProxy = CCA067D82AA633A400C973D4 /* PBXContainerItemProxy */;
		};
		CCA067E32AA633A400C973D4 /* PBXTargetDependency */ = {
			isa = PBXTargetDependency;
			target = CCA067C62AA633A400C973D4 /* NtionalGeography */;
			targetProxy = CCA067E22AA633A400C973D4 /* PBXContainerItemProxy */;
		};
/* End PBXTargetDependency section */

/* Begin XCBuildConfiguration section */
		CCA067E92AA633A400C973D4 /* Debug */ = {
			isa = XCBuildConfiguration;
			buildSettings = {
				ALWAYS_SEARCH_USER_PATHS = NO;
				CLANG_ANALYZER_NONNULL = YES;
				CLANG_ANALYZER_NUMBER_OBJECT_CONVERSION = YES_AGGRESSIVE;
				CLANG_CXX_LANGUAGE_STANDARD = "gnu++20";
				CLANG_ENABLE_MODULES = YES;
				CLANG_ENABLE_OBJC_ARC = YES;
				CLANG_ENABLE_OBJC_WEAK = YES;
				CLANG_WARN_BLOCK_CAPTURE_AUTORELEASING = YES;
				CLANG_WARN_BOOL_CONVERSION = YES;
				CLANG_WARN_COMMA = YES;
				CLANG_WARN_CONSTANT_CONVERSION = YES;
				CLANG_WARN_DEPRECATED_OBJC_IMPLEMENTATIONS = YES;
				CLANG_WARN_DIRECT_OBJC_ISA_USAGE = YES_ERROR;
				CLANG_WARN_DOCUMENTATION_COMMENTS = YES;
				CLANG_WARN_EMPTY_BODY = YES;
				CLANG_WARN_ENUM_CONVERSION = YES;
				CLANG_WARN_INFINITE_RECURSION = YES;
				CLANG_WARN_INT_CONVERSION = YES;
				CLANG_WARN_NON_LITERAL_NULL_CONVERSION = YES;
				CLANG_WARN_OBJC_IMPLICIT_RETAIN_SELF = YES;
				CLANG_WARN_OBJC_LITERAL_CONVERSION = YES;
				CLANG_WARN_OBJC_ROOT_CLASS = YES_ERROR;
				CLANG_WARN_QUOTED_INCLUDE_IN_FRAMEWORK_HEADER = YES;
				CLANG_WARN_RANGE_LOOP_ANALYSIS = YES;
				CLANG_WARN_STRICT_PROTOTYPES = YES;
				CLANG_WARN_SUSPICIOUS_MOVE = YES;
				CLANG_WARN_UNGUARDED_AVAILABILITY = YES_AGGRESSIVE;
				CLANG_WARN_UNREACHABLE_CODE = YES;
				CLANG_WARN__DUPLICATE_METHOD_MATCH = YES;
				COPY_PHASE_STRIP = NO;
				DEBUG_INFORMATION_FORMAT = dwarf;
				ENABLE_STRICT_OBJC_MSGSEND = YES;
				ENABLE_TESTABILITY = YES;
				GCC_C_LANGUAGE_STANDARD = gnu11;
				GCC_DYNAMIC_NO_PIC = NO;
				GCC_NO_COMMON_BLOCKS = YES;
				GCC_OPTIMIZATION_LEVEL = 0;
				GCC_PREPROCESSOR_DEFINITIONS = (
					"DEBUG=1",
					"$(inherited)",
				);
				GCC_WARN_64_TO_32_BIT_CONVERSION = YES;
				GCC_WARN_ABOUT_RETURN_TYPE = YES_ERROR;
				GCC_WARN_UNDECLARED_SELECTOR = YES;
				GCC_WARN_UNINITIALIZED_AUTOS = YES_AGGRESSIVE;
				GCC_WARN_UNUSED_FUNCTION = YES;
				GCC_WARN_UNUSED_VARIABLE = YES;
				IPHONEOS_DEPLOYMENT_TARGET = 16.4;
				MTL_ENABLE_DEBUG_INFO = INCLUDE_SOURCE;
				MTL_FAST_MATH = YES;
				ONLY_ACTIVE_ARCH = YES;
				SDKROOT = iphoneos;
				SWIFT_ACTIVE_COMPILATION_CONDITIONS = DEBUG;
				SWIFT_OPTIMIZATION_LEVEL = "-Onone";
			};
			name = Debug;
		};
		CCA067EA2AA633A400C973D4 /* Release */ = {
			isa = XCBuildConfiguration;
			buildSettings = {
				ALWAYS_SEARCH_USER_PATHS = NO;
				CLANG_ANALYZER_NONNULL = YES;
				CLANG_ANALYZER_NUMBER_OBJECT_CONVERSION = YES_AGGRESSIVE;
				CLANG_CXX_LANGUAGE_STANDARD = "gnu++20";
				CLANG_ENABLE_MODULES = YES;
				CLANG_ENABLE_OBJC_ARC = YES;
				CLANG_ENABLE_OBJC_WEAK = YES;
				CLANG_WARN_BLOCK_CAPTURE_AUTORELEASING = YES;
				CLANG_WARN_BOOL_CONVERSION = YES;
				CLANG_WARN_COMMA = YES;
				CLANG_WARN_CONSTANT_CONVERSION = YES;
				CLANG_WARN_DEPRECATED_OBJC_IMPLEMENTATIONS = YES;
				CLANG_WARN_DIRECT_OBJC_ISA_USAGE = YES_ERROR;
				CLANG_WARN_DOCUMENTATION_COMMENTS = YES;
				CLANG_WARN_EMPTY_BODY = YES;
				CLANG_WARN_ENUM_CONVERSION = YES;
				CLANG_WARN_INFINITE_RECURSION = YES;
				CLANG_WARN_INT_CONVERSION = YES;
				CLANG_WARN_NON_LITERAL_NULL_CONVERSION = YES;
				CLANG_WARN_OBJC_IMPLICIT_RETAIN_SELF = YES;
				CLANG_WARN_OBJC_LITERAL_CONVERSION = YES;
				CLANG_WARN_OBJC_ROOT_CLASS = YES_ERROR;
				CLANG_WARN_QUOTED_INCLUDE_IN_FRAMEWORK_HEADER = YES;
				CLANG_WARN_RANGE_LOOP_ANALYSIS = YES;
				CLANG_WARN_STRICT_PROTOTYPES = YES;
				CLANG_WARN_SUSPICIOUS_MOVE = YES;
				CLANG_WARN_UNGUARDED_AVAILABILITY = YES_AGGRESSIVE;
				CLANG_WARN_UNREACHABLE_CODE = YES;
				CLANG_WARN__DUPLICATE_METHOD_MATCH = YES;
				COPY_PHASE_STRIP = NO;
				DEBUG_INFORMATION_FORMAT = "dwarf-with-dsym";
				ENABLE_NS_ASSERTIONS = NO;
				ENABLE_STRICT_OBJC_MSGSEND = YES;
				GCC_C_LANGUAGE_STANDARD = gnu11;
				GCC_NO_COMMON_BLOCKS = YES;
				GCC_WARN_64_TO_32_BIT_CONVERSION = YES;
				GCC_WARN_ABOUT_RETURN_TYPE = YES_ERROR;
				GCC_WARN_UNDECLARED_SELECTOR = YES;
				GCC_WARN_UNINITIALIZED_AUTOS = YES_AGGRESSIVE;
				GCC_WARN_UNUSED_FUNCTION = YES;
				GCC_WARN_UNUSED_VARIABLE = YES;
				IPHONEOS_DEPLOYMENT_TARGET = 16.4;
				MTL_ENABLE_DEBUG_INFO = NO;
				MTL_FAST_MATH = YES;
				SDKROOT = iphoneos;
				SWIFT_COMPILATION_MODE = wholemodule;
				SWIFT_OPTIMIZATION_LEVEL = "-O";
				VALIDATE_PRODUCT = YES;
			};
			name = Release;
		};
		CCA067EC2AA633A400C973D4 /* Debug */ = {
			isa = XCBuildConfiguration;
			buildSettings = {
				ASSETCATALOG_COMPILER_APPICON_NAME = AppIcon;
				ASSETCATALOG_COMPILER_GLOBAL_ACCENT_COLOR_NAME = AccentColor;
				CODE_SIGN_STYLE = Automatic;
				CURRENT_PROJECT_VERSION = 1;
				DEVELOPMENT_ASSET_PATHS = "\"NtionalGeography/Preview Content\"";
				DEVELOPMENT_TEAM = N387Q3N84N;
				ENABLE_PREVIEWS = YES;
				GENERATE_INFOPLIST_FILE = YES;
				INFOPLIST_KEY_UIApplicationSceneManifest_Generation = YES;
				INFOPLIST_KEY_UIApplicationSupportsIndirectInputEvents = YES;
				INFOPLIST_KEY_UILaunchScreen_Generation = YES;
				INFOPLIST_KEY_UISupportedInterfaceOrientations_iPad = "UIInterfaceOrientationPortrait UIInterfaceOrientationPortraitUpsideDown UIInterfaceOrientationLandscapeLeft UIInterfaceOrientationLandscapeRight";
				INFOPLIST_KEY_UISupportedInterfaceOrientations_iPhone = "UIInterfaceOrientationPortrait UIInterfaceOrientationLandscapeLeft UIInterfaceOrientationLandscapeRight";
				LD_RUNPATH_SEARCH_PATHS = (
					"$(inherited)",
					"@executable_path/Frameworks",
				);
				MARKETING_VERSION = 1.0;
				PRODUCT_BUNDLE_IDENTIFIER = com.decodev.NtionalGeography;
				PRODUCT_NAME = "$(TARGET_NAME)";
				SWIFT_EMIT_LOC_STRINGS = YES;
				SWIFT_VERSION = 5.0;
				TARGETED_DEVICE_FAMILY = "1,2";
			};
			name = Debug;
		};
		CCA067ED2AA633A400C973D4 /* Release */ = {
			isa = XCBuildConfiguration;
			buildSettings = {
				ASSETCATALOG_COMPILER_APPICON_NAME = AppIcon;
				ASSETCATALOG_COMPILER_GLOBAL_ACCENT_COLOR_NAME = AccentColor;
				CODE_SIGN_STYLE = Automatic;
				CURRENT_PROJECT_VERSION = 1;
				DEVELOPMENT_ASSET_PATHS = "\"NtionalGeography/Preview Content\"";
				DEVELOPMENT_TEAM = N387Q3N84N;
				ENABLE_PREVIEWS = YES;
				GENERATE_INFOPLIST_FILE = YES;
				INFOPLIST_KEY_UIApplicationSceneManifest_Generation = YES;
				INFOPLIST_KEY_UIApplicationSupportsIndirectInputEvents = YES;
				INFOPLIST_KEY_UILaunchScreen_Generation = YES;
				INFOPLIST_KEY_UISupportedInterfaceOrientations_iPad = "UIInterfaceOrientationPortrait UIInterfaceOrientationPortraitUpsideDown UIInterfaceOrientationLandscapeLeft UIInterfaceOrientationLandscapeRight";
				INFOPLIST_KEY_UISupportedInterfaceOrientations_iPhone = "UIInterfaceOrientationPortrait UIInterfaceOrientationLandscapeLeft UIInterfaceOrientationLandscapeRight";
				LD_RUNPATH_SEARCH_PATHS = (
					"$(inherited)",
					"@executable_path/Frameworks",
				);
				MARKETING_VERSION = 1.0;
				PRODUCT_BUNDLE_IDENTIFIER = com.decodev.NtionalGeography;
				PRODUCT_NAME = "$(TARGET_NAME)";
				SWIFT_EMIT_LOC_STRINGS = YES;
				SWIFT_VERSION = 5.0;
				TARGETED_DEVICE_FAMILY = "1,2";
			};
			name = Release;
		};
		CCA067EF2AA633A400C973D4 /* Debug */ = {
			isa = XCBuildConfiguration;
			buildSettings = {
				ALWAYS_EMBED_SWIFT_STANDARD_LIBRARIES = YES;
				BUNDLE_LOADER = "$(TEST_HOST)";
				CODE_SIGN_STYLE = Automatic;
				CURRENT_PROJECT_VERSION = 1;
				DEVELOPMENT_TEAM = N387Q3N84N;
				GENERATE_INFOPLIST_FILE = YES;
				IPHONEOS_DEPLOYMENT_TARGET = 16.4;
				MARKETING_VERSION = 1.0;
				PRODUCT_BUNDLE_IDENTIFIER = com.decodev.NtionalGeographyTests;
				PRODUCT_NAME = "$(TARGET_NAME)";
				SWIFT_EMIT_LOC_STRINGS = NO;
				SWIFT_VERSION = 5.0;
				TARGETED_DEVICE_FAMILY = "1,2";
				TEST_HOST = "$(BUILT_PRODUCTS_DIR)/NtionalGeography.app/$(BUNDLE_EXECUTABLE_FOLDER_PATH)/NtionalGeography";
			};
			name = Debug;
		};
		CCA067F02AA633A400C973D4 /* Release */ = {
			isa = XCBuildConfiguration;
			buildSettings = {
				ALWAYS_EMBED_SWIFT_STANDARD_LIBRARIES = YES;
				BUNDLE_LOADER = "$(TEST_HOST)";
				CODE_SIGN_STYLE = Automatic;
				CURRENT_PROJECT_VERSION = 1;
				DEVELOPMENT_TEAM = N387Q3N84N;
				GENERATE_INFOPLIST_FILE = YES;
				IPHONEOS_DEPLOYMENT_TARGET = 16.4;
				MARKETING_VERSION = 1.0;
				PRODUCT_BUNDLE_IDENTIFIER = com.decodev.NtionalGeographyTests;
				PRODUCT_NAME = "$(TARGET_NAME)";
				SWIFT_EMIT_LOC_STRINGS = NO;
				SWIFT_VERSION = 5.0;
				TARGETED_DEVICE_FAMILY = "1,2";
				TEST_HOST = "$(BUILT_PRODUCTS_DIR)/NtionalGeography.app/$(BUNDLE_EXECUTABLE_FOLDER_PATH)/NtionalGeography";
			};
			name = Release;
		};
		CCA067F22AA633A400C973D4 /* Debug */ = {
			isa = XCBuildConfiguration;
			buildSettings = {
				ALWAYS_EMBED_SWIFT_STANDARD_LIBRARIES = YES;
				CODE_SIGN_STYLE = Automatic;
				CURRENT_PROJECT_VERSION = 1;
				DEVELOPMENT_TEAM = N387Q3N84N;
				GENERATE_INFOPLIST_FILE = YES;
				MARKETING_VERSION = 1.0;
				PRODUCT_BUNDLE_IDENTIFIER = com.decodev.NtionalGeographyUITests;
				PRODUCT_NAME = "$(TARGET_NAME)";
				SWIFT_EMIT_LOC_STRINGS = NO;
				SWIFT_VERSION = 5.0;
				TARGETED_DEVICE_FAMILY = "1,2";
				TEST_TARGET_NAME = NtionalGeography;
			};
			name = Debug;
		};
		CCA067F32AA633A400C973D4 /* Release */ = {
			isa = XCBuildConfiguration;
			buildSettings = {
				ALWAYS_EMBED_SWIFT_STANDARD_LIBRARIES = YES;
				CODE_SIGN_STYLE = Automatic;
				CURRENT_PROJECT_VERSION = 1;
				DEVELOPMENT_TEAM = N387Q3N84N;
				GENERATE_INFOPLIST_FILE = YES;
				MARKETING_VERSION = 1.0;
				PRODUCT_BUNDLE_IDENTIFIER = com.decodev.NtionalGeographyUITests;
				PRODUCT_NAME = "$(TARGET_NAME)";
				SWIFT_EMIT_LOC_STRINGS = NO;
				SWIFT_VERSION = 5.0;
				TARGETED_DEVICE_FAMILY = "1,2";
				TEST_TARGET_NAME = NtionalGeography;
			};
			name = Release;
		};
/* End XCBuildConfiguration section */

/* Begin XCConfigurationList section */
		CCA067C22AA633A400C973D4 /* Build configuration list for PBXProject "NtionalGeography" */ = {
			isa = XCConfigurationList;
			buildConfigurations = (
				CCA067E92AA633A400C973D4 /* Debug */,
				CCA067EA2AA633A400C973D4 /* Release */,
			);
			defaultConfigurationIsVisible = 0;
			defaultConfigurationName = Release;
		};
		CCA067EB2AA633A400C973D4 /* Build configuration list for PBXNativeTarget "NtionalGeography" */ = {
			isa = XCConfigurationList;
			buildConfigurations = (
				CCA067EC2AA633A400C973D4 /* Debug */,
				CCA067ED2AA633A400C973D4 /* Release */,
			);
			defaultConfigurationIsVisible = 0;
			defaultConfigurationName = Release;
		};
		CCA067EE2AA633A400C973D4 /* Build configuration list for PBXNativeTarget "NtionalGeographyTests" */ = {
			isa = XCConfigurationList;
			buildConfigurations = (
				CCA067EF2AA633A400C973D4 /* Debug */,
				CCA067F02AA633A400C973D4 /* Release */,
			);
			defaultConfigurationIsVisible = 0;
			defaultConfigurationName = Release;
		};
		CCA067F12AA633A400C973D4 /* Build configuration list for PBXNativeTarget "NtionalGeographyUITests" */ = {
			isa = XCConfigurationList;
			buildConfigurations = (
				CCA067F22AA633A400C973D4 /* Debug */,
				CCA067F32AA633A400C973D4 /* Release */,
			);
			defaultConfigurationIsVisible = 0;
			defaultConfigurationName = Release;
		};
/* End XCConfigurationList section */
	};
	rootObject = CCA067BF2AA633A400C973D4 /* Project object */;
}
